
Microsoft Visual Studio Solution File, Format Version 12.00
# Visual Studio 2013
VisualStudioVersion = 12.0.30501.0
MinimumVisualStudioVersion = 10.0.40219.1
Project("{6141683F-8A12-4E36-9623-2EB02B2C2303}") = "Setup2", "Setup2\Setup2.isproj", "{B083C7B6-8FC1-419D-AD63-43B187C1493A}"
EndProject
Global
	GlobalSection(SolutionConfigurationPlatforms) = preSolution
		SingleImage|Default = SingleImage|Default
	EndGlobalSection
	GlobalSection(ProjectConfigurationPlatforms) = postSolution
		{B083C7B6-8FC1-419D-AD63-43B187C1493A}.SingleImage|Default.ActiveCfg = SingleImage
		{B083C7B6-8FC1-419D-AD63-43B187C1493A}.SingleImage|Default.Build.0 = SingleImage
	EndGlobalSection
	GlobalSection(SolutionProperties) = preSolution
		HideSolutionNode = FALSE
	EndGlobalSection
EndGlobal
